// !$*UTF8*$!
{
	archiveVersion = 1;
	classes = {
	};
	objectVersion = 56;
	objects = {

/* Begin PBXBuildFile section */
		538163652EFB561B006E0CFD /* PitStopSystem.swift in Sources */ = {isa = PBXBuildFile; fileRef = 538163642EFB561B006E0CFD /* PitStopSystem.swift */; };
		538163672EFB561D006E0CFD /* DRSSystem.swift in Sources */ = {isa = PBXBuildFile; fileRef = 538163662EFB561D006E0CFD /* DRSSystem.swift */; };
		538163692EFB5621006E0CFD /* Track.swift in Sources */ = {isa = PBXBuildFile; fileRef = 538163682EFB5621006E0CFD /* Track.swift */; };
		5381636B2EFB5623006E0CFD /* HUDManager.swift in Sources */ = {isa = PBXBuildFile; fileRef = 5381636A2EFB5623006E0CFD /* HUDManager.swift */; };
		5381636D2EFB5626006E0CFD /* PerformanceMonitor.swift in Sources */ = {isa = PBXBuildFile; fileRef = 5381636C2EFB5626006E0CFD /* PerformanceMonitor.swift */; };
		5381636F2EFB562A006E0CFD /* F1Car.swift in Sources */ = {isa = PBXBuildFile; fileRef = 5381636E2EFB562A006E0CFD /* F1Car.swift */; };
		538163712EFB562D006E0CFD /* PipelineCache.swift in Sources */ = {isa = PBXBuildFile; fileRef = 538163702EFB562D006E0CFD /* PipelineCache.swift */; };
		538163732EFB562F006E0CFD /* PostProcessor.swift in Sources */ = {isa = PBXBuildFile; fileRef = 538163722EFB562F006E0CFD /* PostProcessor.swift */; };
		538163752EFB5631006E0CFD /* NeuralEngineManager.swift in Sources */ = {isa = PBXBuildFile; fileRef = 538163742EFB5631006E0CFD /* NeuralEngineManager.swift */; };
		AA0000010000000000000001 /* AppDelegate.swift in Sources */ = {isa = PBXBuildFile; fileRef = AA0000020000000000000001 /* AppDelegate.swift */; };
		AA0000030000000000000001 /* ContentView.swift in Sources */ = {isa = PBXBuildFile; fileRef = AA0000040000000000000001 /* ContentView.swift */; };
		AA0000050000000000000001 /* Assets.xcassets in Resources */ = {isa = PBXBuildFile; fileRef = AA0000060000000000000001 /* Assets.xcassets */; };
		AA0000070000000000000001 /* Preview Assets.xcassets in Resources */ = {isa = PBXBuildFile; fileRef = AA0000080000000000000001 /* Preview Assets.xcassets */; };
		AA0000090000000000000001 /* Shaders.metal in Sources */ = {isa = PBXBuildFile; fileRef = AA00000A0000000000000001 /* Shaders.metal */; };
		AA00000B0000000000000001 /* MetalRenderer.swift in Sources */ = {isa = PBXBuildFile; fileRef = AA00000C0000000000000001 /* MetalRenderer.swift */; };
		AA00000D0000000000000001 /* MetalEngine.swift in Sources */ = {isa = PBXBuildFile; fileRef = AA00000E0000000000000001 /* MetalEngine.swift */; };
		AA00000F0000000000000001 /* HardwareDetector.swift in Sources */ = {isa = PBXBuildFile; fileRef = AA0000100000000000000001 /* HardwareDetector.swift */; };
		AA0000110000000000000001 /* RayTracingRenderer.swift in Sources */ = {isa = PBXBuildFile; fileRef = AA0000120000000000000001 /* RayTracingRenderer.swift */; };
		AA0000130000000000000001 /* PhysicsEngine.swift in Sources */ = {isa = PBXBuildFile; fileRef = AA0000140000000000000001 /* PhysicsEngine.swift */; };
		AA0000150000000000000001 /* InputManager.swift in Sources */ = {isa = PBXBuildFile; fileRef = AA0000160000000000000001 /* InputManager.swift */; };
		AA0000170000000000000001 /* RacingGame.swift in Sources */ = {isa = PBXBuildFile; fileRef = AA0000180000000000000001 /* RacingGame.swift */; };
		AA0000190000000000000001 /* Car.swift in Sources */ = {isa = PBXBuildFile; fileRef = AA00001A0000000000000001 /* Car.swift */; };
		AA00001B0000000000000001 /* Camera.swift in Sources */ = {isa = PBXBuildFile; fileRef = AA00001C0000000000000001 /* Camera.swift */; };
		AA00001D0000000000000001 /* ParticleSystem.swift in Sources */ = {isa = PBXBuildFile; fileRef = AA00001E0000000000000001 /* ParticleSystem.swift */; };
		AA00001F0000000000000001 /* MetalFXUpscaler.swift in Sources */ = {isa = PBXBuildFile; fileRef = AA0000200000000000000001 /* MetalFXUpscaler.swift */; };
		AA0000350000000000000001 /* MetalRacingGameApp.swift in Sources */ = {isa = PBXBuildFile; fileRef = AA0000360000000000000001 /* MetalRacingGameApp.swift */; };
/* End PBXBuildFile section */

/* Begin PBXFileReference section */
		538163642EFB561B006E0CFD /* PitStopSystem.swift */ = {isa = PBXFileReference; lastKnownFileType = sourcecode.swift; path = PitStopSystem.swift; sourceTree = "<group>"; };
		538163662EFB561D006E0CFD /* DRSSystem.swift */ = {isa = PBXFileReference; lastKnownFileType = sourcecode.swift; path = DRSSystem.swift; sourceTree = "<group>"; };
		538163682EFB5621006E0CFD /* Track.swift */ = {isa = PBXFileReference; lastKnownFileType = sourcecode.swift; path = Track.swift; sourceTree = "<group>"; };
		5381636A2EFB5623006E0CFD /* HUDManager.swift */ = {isa = PBXFileReference; lastKnownFileType = sourcecode.swift; path = HUDManager.swift; sourceTree = "<group>"; };
		5381636C2EFB5626006E0CFD /* PerformanceMonitor.swift */ = {isa = PBXFileReference; lastKnownFileType = sourcecode.swift; path = PerformanceMonitor.swift; sourceTree = "<group>"; };
		5381636E2EFB562A006E0CFD /* F1Car.swift */ = {isa = PBXFileReference; lastKnownFileType = sourcecode.swift; path = F1Car.swift; sourceTree = "<group>"; };
		538163702EFB562D006E0CFD /* PipelineCache.swift */ = {isa = PBXFileReference; lastKnownFileType = sourcecode.swift; path = PipelineCache.swift; sourceTree = "<group>"; };
		538163722EFB562F006E0CFD /* PostProcessor.swift */ = {isa = PBXFileReference; lastKnownFileType = sourcecode.swift; path = PostProcessor.swift; sourceTree = "<group>"; };
		538163742EFB5631006E0CFD /* NeuralEngineManager.swift */ = {isa = PBXFileReference; lastKnownFileType = sourcecode.swift; path = NeuralEngineManager.swift; sourceTree = "<group>"; };
		AA0000000000000000000001 /* MetalRacingGame.app */ = {isa = PBXFileReference; explicitFileType = wrapper.application; includeInIndex = 0; path = MetalRacingGame.app; sourceTree = BUILT_PRODUCTS_DIR; };
		AA0000020000000000000001 /* AppDelegate.swift */ = {isa = PBXFileReference; lastKnownFileType = sourcecode.swift; path = AppDelegate.swift; sourceTree = "<group>"; };
		AA0000040000000000000001 /* ContentView.swift */ = {isa = PBXFileReference; lastKnownFileType = sourcecode.swift; path = ContentView.swift; sourceTree = "<group>"; };
		AA0000060000000000000001 /* Assets.xcassets */ = {isa = PBXFileReference; lastKnownFileType = folder.assetcatalog; path = Assets.xcassets; sourceTree = "<group>"; };
		AA0000080000000000000001 /* Preview Assets.xcassets */ = {isa = PBXFileReference; lastKnownFileType = folder.assetcatalog; path = "Preview Assets.xcassets"; sourceTree = "<group>"; };
		AA00000A0000000000000001 /* Shaders.metal */ = {isa = PBXFileReference; lastKnownFileType = sourcecode.metal; path = Shaders.metal; sourceTree = "<group>"; };
		AA00000C0000000000000001 /* MetalRenderer.swift */ = {isa = PBXFileReference; lastKnownFileType = sourcecode.swift; path = MetalRenderer.swift; sourceTree = "<group>"; };
		AA00000E0000000000000001 /* MetalEngine.swift */ = {isa = PBXFileReference; lastKnownFileType = sourcecode.swift; path = MetalEngine.swift; sourceTree = "<group>"; };
		AA0000100000000000000001 /* HardwareDetector.swift */ = {isa = PBXFileReference; lastKnownFileType = sourcecode.swift; path = HardwareDetector.swift; sourceTree = "<group>"; };
		AA0000120000000000000001 /* RayTracingRenderer.swift */ = {isa = PBXFileReference; lastKnownFileType = sourcecode.swift; path = RayTracingRenderer.swift; sourceTree = "<group>"; };
		AA0000140000000000000001 /* PhysicsEngine.swift */ = {isa = PBXFileReference; lastKnownFileType = sourcecode.swift; path = PhysicsEngine.swift; sourceTree = "<group>"; };
		AA0000160000000000000001 /* InputManager.swift */ = {isa = PBXFileReference; lastKnownFileType = sourcecode.swift; path = InputManager.swift; sourceTree = "<group>"; };
		AA0000180000000000000001 /* RacingGame.swift */ = {isa = PBXFileReference; lastKnownFileType = sourcecode.swift; path = RacingGame.swift; sourceTree = "<group>"; };
		AA00001A0000000000000001 /* Car.swift */ = {isa = PBXFileReference; lastKnownFileType = sourcecode.swift; path = Car.swift; sourceTree = "<group>"; };
		AA00001C0000000000000001 /* Camera.swift */ = {isa = PBXFileReference; lastKnownFileType = sourcecode.swift; path = Camera.swift; sourceTree = "<group>"; };
		AA00001E0000000000000001 /* ParticleSystem.swift */ = {isa = PBXFileReference; lastKnownFileType = sourcecode.swift; path = ParticleSystem.swift; sourceTree = "<group>"; };
		AA0000200000000000000001 /* MetalFXUpscaler.swift */ = {isa = PBXFileReference; lastKnownFileType = sourcecode.swift; path = MetalFXUpscaler.swift; sourceTree = "<group>"; };
		AA0000210000000000000001 /* Info.plist */ = {isa = PBXFileReference; lastKnownFileType = text.plist.xml; path = Info.plist; sourceTree = "<group>"; };
		AA0000360000000000000001 /* MetalRacingGameApp.swift */ = {isa = PBXFileReference; lastKnownFileType = sourcecode.swift; path = MetalRacingGameApp.swift; sourceTree = "<group>"; };
/* End PBXFileReference section */

/* Begin PBXFrameworksBuildPhase section */
		AA0000220000000000000001 /* Frameworks */ = {
			isa = PBXFrameworksBuildPhase;
			buildActionMask = 2147483647;
			files = (
			);
			runOnlyForDeploymentPostprocessing = 0;
		};
/* End PBXFrameworksBuildPhase section */

/* Begin PBXGroup section */
		AA0000230000000000000001 = {
			isa = PBXGroup;
			children = (
				AA0000240000000000000001 /* MetalRacingGame */,
				AA0000250000000000000001 /* Products */,
			);
			sourceTree = "<group>";
		};
		AA0000240000000000000001 /* MetalRacingGame */ = {
			isa = PBXGroup;
			children = (
				AA0000360000000000000001 /* MetalRacingGameApp.swift */,
				AA0000020000000000000001 /* AppDelegate.swift */,
				AA0000040000000000000001 /* ContentView.swift */,
				AA0000260000000000000001 /* Engine */,
				AA0000270000000000000001 /* Rendering */,
				AA0000280000000000000001 /* Game */,
				AA0000290000000000000001 /* Shaders */,
				AA0000060000000000000001 /* Assets.xcassets */,
				AA00002A0000000000000001 /* Preview Content */,
				AA0000210000000000000001 /* Info.plist */,
			);
			path = MetalRacingGame;
			sourceTree = "<group>";
		};
		AA0000250000000000000001 /* Products */ = {
			isa = PBXGroup;
			children = (
				AA0000000000000000000001 /* MetalRacingGame.app */,
			);
			name = Products;
			sourceTree = "<group>";
		};
		AA0000260000000000000001 /* Engine */ = {
			isa = PBXGroup;
			children = (
				AA00000E0000000000000001 /* MetalEngine.swift */,
				AA0000100000000000000001 /* HardwareDetector.swift */,
				AA0000140000000000000001 /* PhysicsEngine.swift */,
				AA0000160000000000000001 /* InputManager.swift */,
			);
			path = Engine;
			sourceTree = "<group>";
		};
		AA0000270000000000000001 /* Rendering */ = {
			isa = PBXGroup;
			children = (
				AA00000C0000000000000001 /* MetalRenderer.swift */,
				AA0000120000000000000001 /* RayTracingRenderer.swift */,
				AA0000200000000000000001 /* MetalFXUpscaler.swift */,
				AA00001E0000000000000001 /* ParticleSystem.swift */,
			);
			path = Rendering;
			sourceTree = "<group>";
		};
		AA0000280000000000000001 /* Game */ = {
			isa = PBXGroup;
			children = (
				AA0000180000000000000001 /* RacingGame.swift */,
				AA00001A0000000000000001 /* Car.swift */,
				AA00001C0000000000000001 /* Camera.swift */,
			);
			path = Game;
			sourceTree = "<group>";
		};
		AA0000290000000000000001 /* Shaders */ = {
			isa = PBXGroup;
			children = (
				AA00000A0000000000000001 /* Shaders.metal */,
				538163642EFB561B006E0CFD /* PitStopSystem.swift */,
				538163662EFB561D006E0CFD /* DRSSystem.swift */,
				538163682EFB5621006E0CFD /* Track.swift */,
				5381636A2EFB5623006E0CFD /* HUDManager.swift */,
				5381636C2EFB5626006E0CFD /* PerformanceMonitor.swift */,
				5381636E2EFB562A006E0CFD /* F1Car.swift */,
				538163702EFB562D006E0CFD /* PipelineCache.swift */,
				538163722EFB562F006E0CFD /* PostProcessor.swift */,
				538163742EFB5631006E0CFD /* NeuralEngineManager.swift */,
			);
			path = Shaders;
			sourceTree = "<group>";
		};
		AA00002A0000000000000001 /* Preview Content */ = {
			isa = PBXGroup;
			children = (
				AA0000080000000000000001 /* Preview Assets.xcassets */,
			);
			path = "Preview Content";
			sourceTree = "<group>";
		};
/* End PBXGroup section */

/* Begin PBXNativeTarget section */
		AA00002B0000000000000001 /* MetalRacingGame */ = {
			isa = PBXNativeTarget;
			buildConfigurationList = AA00002C0000000000000001 /* Build configuration list for PBXNativeTarget "MetalRacingGame" */;
			buildPhases = (
				AA00002D0000000000000001 /* Sources */,
				AA0000220000000000000001 /* Frameworks */,
				AA00002E0000000000000001 /* Resources */,
			);
			buildRules = (
			);
			dependencies = (
			);
			name = MetalRacingGame;
			productName = MetalRacingGame;
			productReference = AA0000000000000000000001 /* MetalRacingGame.app */;
			productType = "com.apple.product-type.application";
		};
/* End PBXNativeTarget section */

/* Begin PBXProject section */
		AA00002F0000000000000001 /* Project object */ = {
			isa = PBXProject;
			attributes = {
				BuildIndependentTargetsInParallel = 1;
				LastSwiftUpdateCheck = 1500;
				LastUpgradeCheck = 1500;
			};
			buildConfigurationList = AA0000300000000000000001 /* Build configuration list for PBXProject "MetalRacingGame" */;
			compatibilityVersion = "Xcode 14.0";
			developmentRegion = en;
			hasScannedForEncodings = 0;
			knownRegions = (
				en,
				Base,
			);
			mainGroup = AA0000230000000000000001;
			productRefGroup = AA0000250000000000000001 /* Products */;
			projectDirPath = "";
			projectRoot = "";
			targets = (
				AA00002B0000000000000001 /* MetalRacingGame */,
			);
		};
/* End PBXProject section */

/* Begin PBXResourcesBuildPhase section */
		AA00002E0000000000000001 /* Resources */ = {
			isa = PBXResourcesBuildPhase;
			buildActionMask = 2147483647;
			files = (
				AA0000070000000000000001 /* Preview Assets.xcassets in Resources */,
				AA0000050000000000000001 /* Assets.xcassets in Resources */,
			);
			runOnlyForDeploymentPostprocessing = 0;
		};
/* End PBXResourcesBuildPhase section */

/* Begin PBXSourcesBuildPhase section */
		AA00002D0000000000000001 /* Sources */ = {
			isa = PBXSourcesBuildPhase;
			buildActionMask = 2147483647;
			files = (
				AA0000010000000000000001 /* AppDelegate.swift in Sources */,
				AA0000030000000000000001 /* ContentView.swift in Sources */,
				5381636B2EFB5623006E0CFD /* HUDManager.swift in Sources */,
				AA0000090000000000000001 /* Shaders.metal in Sources */,
				AA00000B0000000000000001 /* MetalRenderer.swift in Sources */,
				AA00000D0000000000000001 /* MetalEngine.swift in Sources */,
				538163712EFB562D006E0CFD /* PipelineCache.swift in Sources */,
				538163692EFB5621006E0CFD /* Track.swift in Sources */,
				AA00000F0000000000000001 /* HardwareDetector.swift in Sources */,
				538163652EFB561B006E0CFD /* PitStopSystem.swift in Sources */,
				AA0000110000000000000001 /* RayTracingRenderer.swift in Sources */,
				AA0000130000000000000001 /* PhysicsEngine.swift in Sources */,
				538163752EFB5631006E0CFD /* NeuralEngineManager.swift in Sources */,
				AA0000150000000000000001 /* InputManager.swift in Sources */,
				538163672EFB561D006E0CFD /* DRSSystem.swift in Sources */,
				AA0000170000000000000001 /* RacingGame.swift in Sources */,
				5381636F2EFB562A006E0CFD /* F1Car.swift in Sources */,
				AA0000190000000000000001 /* Car.swift in Sources */,
				AA00001B0000000000000001 /* Camera.swift in Sources */,
				AA00001D0000000000000001 /* ParticleSystem.swift in Sources */,
				538163732EFB562F006E0CFD /* PostProcessor.swift in Sources */,
				5381636D2EFB5626006E0CFD /* PerformanceMonitor.swift in Sources */,
				AA00001F0000000000000001 /* MetalFXUpscaler.swift in Sources */,
				AA0000350000000000000001 /* MetalRacingGameApp.swift in Sources */,
			);
			runOnlyForDeploymentPostprocessing = 0;
		};
/* End PBXSourcesBuildPhase section */

/* Begin XCBuildConfiguration section */
		AA0000310000000000000001 /* Debug */ = {
			isa = XCBuildConfiguration;
			buildSettings = {
				ALWAYS_SEARCH_USER_PATHS = NO;
				ASSETCATALOG_COMPILER_GENERATE_SWIFT_ASSET_SYMBOL_EXTENSIONS = YES;
				CLANG_ANALYZER_NONNULL = YES;
				CLANG_ANALYZER_NUMBER_OBJECT_CONVERSION = YES_AGGRESSIVE;
				CLANG_CXX_LANGUAGE_STANDARD = "gnu++20";
				CLANG_ENABLE_MODULES = YES;
				CLANG_ENABLE_OBJC_ARC = YES;
				CLANG_ENABLE_OBJC_WEAK = YES;
				CLANG_WARN_BLOCK_CAPTURE_AUTORELEASING = YES;
				CLANG_WARN_BOOL_CONVERSION = YES;
				CLANG_WARN_COMMA = YES;
				CLANG_WARN_CONSTANT_CONVERSION = YES;
				CLANG_WARN_DEPRECATED_OBJC_IMPLEMENTATIONS = YES;
				CLANG_WARN_DIRECT_OBJC_ISA_USAGE = YES_ERROR;
				CLANG_WARN_DOCUMENTATION_COMMENTS = YES;
				CLANG_WARN_EMPTY_BODY = YES;
				CLANG_WARN_ENUM_CONVERSION = YES;
				CLANG_WARN_INFINITE_RECURSION = YES;
				CLANG_WARN_INT_CONVERSION = YES;
				CLANG_WARN_NON_LITERAL_NULL_CONVERSION = YES;
				CLANG_WARN_OBJC_IMPLICIT_RETAIN_SELF = YES;
				CLANG_WARN_OBJC_LITERAL_CONVERSION = YES;
				CLANG_WARN_OBJC_ROOT_CLASS = YES_ERROR;
				CLANG_WARN_QUOTED_INCLUDE_IN_FRAMEWORK_HEADER = YES;
				CLANG_WARN_RANGE_LOOP_ANALYSIS = YES;
				CLANG_WARN_STRICT_PROTOTYPES = YES;
				CLANG_WARN_SUSPICIOUS_MOVE = YES;
				CLANG_WARN_UNGUARDED_AVAILABILITY = YES_AGGRESSIVE;
				CLANG_WARN_UNREACHABLE_CODE = YES;
				CLANG_WARN__DUPLICATE_METHOD_MATCH = YES;
				COPY_PHASE_STRIP = NO;
				DEBUG_INFORMATION_FORMAT = dwarf;
				ENABLE_STRICT_OBJC_MSGSEND = YES;
				ENABLE_TESTABILITY = YES;
				ENABLE_USER_SCRIPT_SANDBOXING = YES;
				GCC_C_LANGUAGE_STANDARD = gnu17;
				GCC_DYNAMIC_NO_PIC = NO;
				GCC_NO_COMMON_BLOCKS = YES;
				GCC_OPTIMIZATION_LEVEL = 0;
				GCC_PREPROCESSOR_DEFINITIONS = (
					"DEBUG=1",
					"$(inherited)",
				);
				GCC_WARN_64_TO_32_BIT_CONVERSION = YES;
				GCC_WARN_ABOUT_RETURN_TYPE = YES_ERROR;
				GCC_WARN_UNDECLARED_SELECTOR = YES;
				GCC_WARN_UNINITIALIZED_AUTOS = YES_AGGRESSIVE;
				GCC_WARN_UNUSED_FUNCTION = YES;
				GCC_WARN_UNUSED_VARIABLE = YES;
				LOCALIZATION_PREFERS_STRING_CATALOGS = YES;
				MTL_ENABLE_DEBUG_INFO = INCLUDE_SOURCE;
				MTL_FAST_MATH = YES;
				ONLY_ACTIVE_ARCH = YES;
				SDKROOT = macosx;
				SWIFT_ACTIVE_COMPILATION_CONDITIONS = "DEBUG $(inherited)";
				SWIFT_OPTIMIZATION_LEVEL = "-Onone";
			};
			name = Debug;
		};
		AA0000320000000000000001 /* Release */ = {
			isa = XCBuildConfiguration;
			buildSettings = {
				ALWAYS_SEARCH_USER_PATHS = NO;
				ASSETCATALOG_COMPILER_GENERATE_SWIFT_ASSET_SYMBOL_EXTENSIONS = YES;
				CLANG_ANALYZER_NONNULL = YES;
				CLANG_ANALYZER_NUMBER_OBJECT_CONVERSION = YES_AGGRESSIVE;
				CLANG_CXX_LANGUAGE_STANDARD = "gnu++20";
				CLANG_ENABLE_MODULES = YES;
				CLANG_ENABLE_OBJC_ARC = YES;
				CLANG_ENABLE_OBJC_WEAK = YES;
				CLANG_WARN_BLOCK_CAPTURE_AUTORELEASING = YES;
				CLANG_WARN_BOOL_CONVERSION = YES;
				CLANG_WARN_COMMA = YES;
				CLANG_WARN_CONSTANT_CONVERSION = YES;
				CLANG_WARN_DEPRECATED_OBJC_IMPLEMENTATIONS = YES;
				CLANG_WARN_DIRECT_OBJC_ISA_USAGE = YES_ERROR;
				CLANG_WARN_DOCUMENTATION_COMMENTS = YES;
				CLANG_WARN_EMPTY_BODY = YES;
				CLANG_WARN_ENUM_CONVERSION = YES;
				CLANG_WARN_INFINITE_RECURSION = YES;
				CLANG_WARN_INT_CONVERSION = YES;
				CLANG_WARN_NON_LITERAL_NULL_CONVERSION = YES;
				CLANG_WARN_OBJC_IMPLICIT_RETAIN_SELF = YES;
				CLANG_WARN_OBJC_LITERAL_CONVERSION = YES;
				CLANG_WARN_OBJC_ROOT_CLASS = YES_ERROR;
				CLANG_WARN_QUOTED_INCLUDE_IN_FRAMEWORK_HEADER = YES;
				CLANG_WARN_RANGE_LOOP_ANALYSIS = YES;
				CLANG_WARN_STRICT_PROTOTYPES = YES;
				CLANG_WARN_SUSPICIOUS_MOVE = YES;
				CLANG_WARN_UNGUARDED_AVAILABILITY = YES_AGGRESSIVE;
				CLANG_WARN_UNREACHABLE_CODE = YES;
				CLANG_WARN__DUPLICATE_METHOD_MATCH = YES;
				COPY_PHASE_STRIP = NO;
				DEBUG_INFORMATION_FORMAT = "dwarf-with-dsym";
				ENABLE_NS_ASSERTIONS = NO;
				ENABLE_STRICT_OBJC_MSGSEND = YES;
				ENABLE_USER_SCRIPT_SANDBOXING = YES;
				GCC_C_LANGUAGE_STANDARD = gnu17;
				GCC_NO_COMMON_BLOCKS = YES;
				GCC_WARN_64_TO_32_BIT_CONVERSION = YES;
				GCC_WARN_ABOUT_RETURN_TYPE = YES_ERROR;
				GCC_WARN_UNDECLARED_SELECTOR = YES;
				GCC_WARN_UNINITIALIZED_AUTOS = YES_AGGRESSIVE;
				GCC_WARN_UNUSED_FUNCTION = YES;
				GCC_WARN_UNUSED_VARIABLE = YES;
				LOCALIZATION_PREFERS_STRING_CATALOGS = YES;
				MTL_ENABLE_DEBUG_INFO = NO;
				MTL_FAST_MATH = YES;
				SDKROOT = macosx;
				SWIFT_COMPILATION_MODE = wholemodule;
				SWIFT_OPTIMIZATION_LEVEL = "-O";
			};
			name = Release;
		};
		AA0000330000000000000001 /* Debug */ = {
			isa = XCBuildConfiguration;
			buildSettings = {
				ASSETCATALOG_COMPILER_APPICON_NAME = AppIcon;
				ASSETCATALOG_COMPILER_GLOBAL_ACCENT_COLOR_NAME = AccentColor;
				CODE_SIGN_ENTITLEMENTS = "";
				CODE_SIGN_STYLE = Automatic;
				COMBINE_HIDPI_IMAGES = YES;
				CURRENT_PROJECT_VERSION = 1;
				DEVELOPMENT_ASSET_PATHS = "\"MetalRacingGame/Preview Content\"";
				ENABLE_HARDENED_RUNTIME = YES;
				ENABLE_PREVIEWS = YES;
				GENERATE_INFOPLIST_FILE = NO;
				INFOPLIST_FILE = MetalRacingGame/Info.plist;
				INFOPLIST_KEY_NSHumanReadableCopyright = "";
				LD_RUNPATH_SEARCH_PATHS = (
					"$(inherited)",
					"@executable_path/../Frameworks",
				);
				MACOSX_DEPLOYMENT_TARGET = 13.0;
				MARKETING_VERSION = 1.0;
				MTL_HEADER_SEARCH_PATHS = "";
				PRODUCT_BUNDLE_IDENTIFIER = com.metalracinggame.app;
				PRODUCT_NAME = "$(TARGET_NAME)";
				SWIFT_EMIT_LOC_STRINGS = YES;
				SWIFT_VERSION = 5.0;
			};
			name = Debug;
		};
		AA0000340000000000000001 /* Release */ = {
			isa = XCBuildConfiguration;
			buildSettings = {
				ASSETCATALOG_COMPILER_APPICON_NAME = AppIcon;
				ASSETCATALOG_COMPILER_GLOBAL_ACCENT_COLOR_NAME = AccentColor;
				CODE_SIGN_ENTITLEMENTS = "";
				CODE_SIGN_STYLE = Automatic;
				COMBINE_HIDPI_IMAGES = YES;
				CURRENT_PROJECT_VERSION = 1;
				DEVELOPMENT_ASSET_PATHS = "\"MetalRacingGame/Preview Content\"";
				ENABLE_HARDENED_RUNTIME = YES;
				ENABLE_PREVIEWS = YES;
				GENERATE_INFOPLIST_FILE = NO;
				INFOPLIST_FILE = MetalRacingGame/Info.plist;
				INFOPLIST_KEY_NSHumanReadableCopyright = "";
				LD_RUNPATH_SEARCH_PATHS = (
					"$(inherited)",
					"@executable_path/../Frameworks",
				);
				MACOSX_DEPLOYMENT_TARGET = 13.0;
				MARKETING_VERSION = 1.0;
				MTL_HEADER_SEARCH_PATHS = "";
				PRODUCT_BUNDLE_IDENTIFIER = com.metalracinggame.app;
				PRODUCT_NAME = "$(TARGET_NAME)";
				SWIFT_EMIT_LOC_STRINGS = YES;
				SWIFT_OPTIMIZATION_LEVEL = "-O";
				SWIFT_VERSION = 5.0;
			};
			name = Release;
		};
/* End XCBuildConfiguration section */

/* Begin XCConfigurationList section */
		AA00002C0000000000000001 /* Build configuration list for PBXNativeTarget "MetalRacingGame" */ = {
			isa = XCConfigurationList;
			buildConfigurations = (
				AA0000330000000000000001 /* Debug */,
				AA0000340000000000000001 /* Release */,
			);
			defaultConfigurationIsVisible = 0;
			defaultConfigurationName = Release;
		};
		AA0000300000000000000001 /* Build configuration list for PBXProject "MetalRacingGame" */ = {
			isa = XCConfigurationList;
			buildConfigurations = (
				AA0000310000000000000001 /* Debug */,
				AA0000320000000000000001 /* Release */,
			);
			defaultConfigurationIsVisible = 0;
			defaultConfigurationName = Release;
		};
/* End XCConfigurationList section */
	};
	rootObject = AA00002F0000000000000001 /* Project object */;
}
